
Microsoft Visual Studio Solution File, Format Version 12.00
# Visual Studio 15
VisualStudioVersion = 15.0.27703.2047
MinimumVisualStudioVersion = 10.0.40219.1
Project("{9092AA53-FB77-4645-B42D-1CCCA6BD08BD}") = "VERN_tutorial", "VERN_tutorial\VERN_tutorial.njsproj", "{87911058-2867-4062-BA9C-71A10C91F558}"
EndProject
Global
	GlobalSection(SolutionConfigurationPlatforms) = preSolution
		Debug|Any CPU = Debug|Any CPU
		Release|Any CPU = Release|Any CPU
	EndGlobalSection
	GlobalSection(ProjectConfigurationPlatforms) = postSolution
		{87911058-2867-4062-BA9C-71A10C91F558}.Debug|Any CPU.ActiveCfg = Debug|Any CPU
		{87911058-2867-4062-BA9C-71A10C91F558}.Debug|Any CPU.Build.0 = Debug|Any CPU
		{87911058-2867-4062-BA9C-71A10C91F558}.Release|Any CPU.ActiveCfg = Release|Any CPU
		{87911058-2867-4062-BA9C-71A10C91F558}.Release|Any CPU.Build.0 = Release|Any CPU
	EndGlobalSection
	GlobalSection(SolutionProperties) = preSolution
		HideSolutionNode = FALSE
	EndGlobalSection
	GlobalSection(ExtensibilityGlobals) = postSolution
		SolutionGuid = {33D307F6-DC9D-453B-8204-65999013A09A}
	EndGlobalSection
EndGlobal
